
Microsoft Visual Studio Solution File, Format Version 12.00
# Visual Studio Version 17
VisualStudioVersion = 17.3.32929.385
MinimumVisualStudioVersion = 10.0.40219.1
Project("{FAE04EC0-301F-11D3-BF4B-00C04F79EFBC}") = "normalDistributions", "normalDistributions\normalDistributions.csproj", "{B0CBDEB1-87A2-4B45-8021-3B41AC600D09}"
EndProject
Global
	GlobalSection(SolutionConfigurationPlatforms) = preSolution
		Debug|Any CPU = Debug|Any CPU
		Release|Any CPU = Release|Any CPU
	EndGlobalSection
	GlobalSection(ProjectConfigurationPlatforms) = postSolution
		{B0CBDEB1-87A2-4B45-8021-3B41AC600D09}.Debug|Any CPU.ActiveCfg = Debug|Any CPU
		{B0CBDEB1-87A2-4B45-8021-3B41AC600D09}.Debug|Any CPU.Build.0 = Debug|Any CPU
		{B0CBDEB1-87A2-4B45-8021-3B41AC600D09}.Release|Any CPU.ActiveCfg = Release|Any CPU
		{B0CBDEB1-87A2-4B45-8021-3B41AC600D09}.Release|Any CPU.Build.0 = Release|Any CPU
	EndGlobalSection
	GlobalSection(SolutionProperties) = preSolution
		HideSolutionNode = FALSE
	EndGlobalSection
	GlobalSection(ExtensibilityGlobals) = postSolution
		SolutionGuid = {4534A17C-F8D0-4569-ACE2-DF953BD5FB9C}
	EndGlobalSection
EndGlobal
